
Microsoft Visual Studio Solution File, Format Version 12.00
# Visual Studio Version 16
VisualStudioVersion = 16.0.30413.136
MinimumVisualStudioVersion = 10.0.40219.1
Project("{9A19103F-16F7-4668-BE54-9A1E7A4F7556}") = "WebServer", "WebServer\WebServer.csproj", "{5D5F6954-FC0F-451F-9421-620DFADBBD25}"
EndProject
Project("{9A19103F-16F7-4668-BE54-9A1E7A4F7556}") = "SmartProxy", "SmartProxy\SmartProxy.csproj", "{3F009067-4A87-4363-A40C-44DD6ED1359D}"
EndProject
Project("{9A19103F-16F7-4668-BE54-9A1E7A4F7556}") = "MessageBroker_old", "MessageBroker_old\MessageBroker_old.csproj", "{69C8F645-00CE-40CA-97CF-735E3337CE31}"
EndProject
Project("{9A19103F-16F7-4668-BE54-9A1E7A4F7556}") = "MessageBus", "MessageBus\MessageBus.csproj", "{30D0F789-EBA9-4B46-BF20-6D10634910D1}"
EndProject
Project("{FAE04EC0-301F-11D3-BF4B-00C04F79EFBC}") = "Common", "Common\Common.csproj", "{330611C2-15D6-4166-8EE3-3F01C61A75CA}"
EndProject
Global
	GlobalSection(SolutionConfigurationPlatforms) = preSolution
		Debug|Any CPU = Debug|Any CPU
		Release|Any CPU = Release|Any CPU
	EndGlobalSection
	GlobalSection(ProjectConfigurationPlatforms) = postSolution
		{5D5F6954-FC0F-451F-9421-620DFADBBD25}.Debug|Any CPU.ActiveCfg = Debug|Any CPU
		{5D5F6954-FC0F-451F-9421-620DFADBBD25}.Debug|Any CPU.Build.0 = Debug|Any CPU
		{5D5F6954-FC0F-451F-9421-620DFADBBD25}.Release|Any CPU.ActiveCfg = Release|Any CPU
		{5D5F6954-FC0F-451F-9421-620DFADBBD25}.Release|Any CPU.Build.0 = Release|Any CPU
		{3F009067-4A87-4363-A40C-44DD6ED1359D}.Debug|Any CPU.ActiveCfg = Debug|Any CPU
		{3F009067-4A87-4363-A40C-44DD6ED1359D}.Debug|Any CPU.Build.0 = Debug|Any CPU
		{3F009067-4A87-4363-A40C-44DD6ED1359D}.Release|Any CPU.ActiveCfg = Release|Any CPU
		{3F009067-4A87-4363-A40C-44DD6ED1359D}.Release|Any CPU.Build.0 = Release|Any CPU
		{69C8F645-00CE-40CA-97CF-735E3337CE31}.Debug|Any CPU.ActiveCfg = Debug|Any CPU
		{69C8F645-00CE-40CA-97CF-735E3337CE31}.Debug|Any CPU.Build.0 = Debug|Any CPU
		{69C8F645-00CE-40CA-97CF-735E3337CE31}.Release|Any CPU.ActiveCfg = Release|Any CPU
		{69C8F645-00CE-40CA-97CF-735E3337CE31}.Release|Any CPU.Build.0 = Release|Any CPU
		{30D0F789-EBA9-4B46-BF20-6D10634910D1}.Debug|Any CPU.ActiveCfg = Debug|Any CPU
		{30D0F789-EBA9-4B46-BF20-6D10634910D1}.Debug|Any CPU.Build.0 = Debug|Any CPU
		{30D0F789-EBA9-4B46-BF20-6D10634910D1}.Release|Any CPU.ActiveCfg = Release|Any CPU
		{30D0F789-EBA9-4B46-BF20-6D10634910D1}.Release|Any CPU.Build.0 = Release|Any CPU
		{330611C2-15D6-4166-8EE3-3F01C61A75CA}.Debug|Any CPU.ActiveCfg = Debug|Any CPU
		{330611C2-15D6-4166-8EE3-3F01C61A75CA}.Debug|Any CPU.Build.0 = Debug|Any CPU
		{330611C2-15D6-4166-8EE3-3F01C61A75CA}.Release|Any CPU.ActiveCfg = Release|Any CPU
		{330611C2-15D6-4166-8EE3-3F01C61A75CA}.Release|Any CPU.Build.0 = Release|Any CPU
	EndGlobalSection
	GlobalSection(SolutionProperties) = preSolution
		HideSolutionNode = FALSE
	EndGlobalSection
	GlobalSection(ExtensibilityGlobals) = postSolution
		SolutionGuid = {9BAE0288-71BE-4BF1-860B-4AD12D122718}
	EndGlobalSection
EndGlobal
